
Microsoft Visual Studio Solution File, Format Version 12.00
# Visual Studio Version 17
VisualStudioVersion = 17.8.34525.116
MinimumVisualStudioVersion = 10.0.40219.1
Project("{FAE04EC0-301F-11D3-BF4B-00C04F79EFBC}") = "Playground", "Playground\Playground.csproj", "{E00A7678-C964-480B-8B03-AFC7D9EBB6E1}"
EndProject
Project("{FAE04EC0-301F-11D3-BF4B-00C04F79EFBC}") = "Pyx", "Pyx\Pyx.csproj", "{B608CA19-2B61-4FC0-A90F-A938C6030576}"
EndProject
Global
	GlobalSection(SolutionConfigurationPlatforms) = preSolution
		Debug|Any CPU = Debug|Any CPU
		Release|Any CPU = Release|Any CPU
	EndGlobalSection
	GlobalSection(ProjectConfigurationPlatforms) = postSolution
		{E00A7678-C964-480B-8B03-AFC7D9EBB6E1}.Debug|Any CPU.ActiveCfg = Debug|Any CPU
		{E00A7678-C964-480B-8B03-AFC7D9EBB6E1}.Debug|Any CPU.Build.0 = Debug|Any CPU
		{E00A7678-C964-480B-8B03-AFC7D9EBB6E1}.Release|Any CPU.ActiveCfg = Release|Any CPU
		{E00A7678-C964-480B-8B03-AFC7D9EBB6E1}.Release|Any CPU.Build.0 = Release|Any CPU
		{B608CA19-2B61-4FC0-A90F-A938C6030576}.Debug|Any CPU.ActiveCfg = Debug|Any CPU
		{B608CA19-2B61-4FC0-A90F-A938C6030576}.Debug|Any CPU.Build.0 = Debug|Any CPU
		{B608CA19-2B61-4FC0-A90F-A938C6030576}.Release|Any CPU.ActiveCfg = Release|Any CPU
		{B608CA19-2B61-4FC0-A90F-A938C6030576}.Release|Any CPU.Build.0 = Release|Any CPU
	EndGlobalSection
	GlobalSection(SolutionProperties) = preSolution
		HideSolutionNode = FALSE
	EndGlobalSection
	GlobalSection(ExtensibilityGlobals) = postSolution
		SolutionGuid = {8BC46790-B106-47B6-9E9C-550FA5F59881}
	EndGlobalSection
EndGlobal
